
Microsoft Visual Studio Solution File, Format Version 12.00
# Visual Studio 14
VisualStudioVersion = 14.0.23107.0
MinimumVisualStudioVersion = 10.0.40219.1
Project("{8BC9CEB8-8B4A-11D0-8D11-00A0C91BC942}") = "SpaceTravelQuadTree", "SpaceTravelQuadTree\SpaceTravelQuadTree.vcxproj", "{59B05453-F68F-4CAE-89D5-7AE68D9B7901}"
EndProject
Global
	GlobalSection(SolutionConfigurationPlatforms) = preSolution
		Debug|Win32 = Debug|Win32
		Release|Win32 = Release|Win32
	EndGlobalSection
	GlobalSection(ProjectConfigurationPlatforms) = postSolution
		{59B05453-F68F-4CAE-89D5-7AE68D9B7901}.Debug|Win32.ActiveCfg = Debug|Win32
		{59B05453-F68F-4CAE-89D5-7AE68D9B7901}.Debug|Win32.Build.0 = Debug|Win32
		{59B05453-F68F-4CAE-89D5-7AE68D9B7901}.Release|Win32.ActiveCfg = Release|Win32
		{59B05453-F68F-4CAE-89D5-7AE68D9B7901}.Release|Win32.Build.0 = Release|Win32
	EndGlobalSection
	GlobalSection(SolutionProperties) = preSolution
		HideSolutionNode = FALSE
	EndGlobalSection
EndGlobal
